{
  "name": "spinal-env-viewer-plugin-endpoint_chart_viewer",
  "version": "1.1.4",
  "lockfileVersion": 1,
  "requires": true,
  "dependencies": {
    "@babel/parser": {
      "version": "7.23.0",
      "resolved": "https://registry.npmjs.org/@babel/parser/-/parser-7.23.0.tgz",
      "integrity": "sha512-vvPKKdMemU85V9WE/l5wZEmImpCtLqbnTvqDS2U1fJ96KrxoW7KrXhNsNCblQlg8Ck4b85yxdTyelsMUgFUXiw=="
    },
    "@jridgewell/sourcemap-codec": {
      "version": "1.4.15",
      "resolved": "https://registry.npmjs.org/@jridgewell/sourcemap-codec/-/sourcemap-codec-1.4.15.tgz",
      "integrity": "sha512-eF2rxCRulEKXHTRiDrDy6erMYWqNw4LPdQ8UQA4huuxaQsVeRPFl2oM8oDGxMFhJUWZf9McpLtJasDDZb/Bpeg=="
    },
    "@vue/compiler-core": {
      "version": "3.3.4",
      "resolved": "https://registry.npmjs.org/@vue/compiler-core/-/compiler-core-3.3.4.tgz",
      "integrity": "sha512-cquyDNvZ6jTbf/+x+AgM2Arrp6G4Dzbb0R64jiG804HRMfRiFXWI6kqUVqZ6ZR0bQhIoQjB4+2bhNtVwndW15g==",
      "requires": {
        "@babel/parser": "^7.21.3",
        "@vue/shared": "3.3.4",
        "estree-walker": "^2.0.2",
        "source-map-js": "^1.0.2"
      }
    },
    "@vue/compiler-dom": {
      "version": "3.3.4",
      "resolved": "https://registry.npmjs.org/@vue/compiler-dom/-/compiler-dom-3.3.4.tgz",
      "integrity": "sha512-wyM+OjOVpuUukIq6p5+nwHYtj9cFroz9cwkfmP9O1nzH68BenTTv0u7/ndggT8cIQlnBeOo6sUT/gvHcIkLA5w==",
      "requires": {
        "@vue/compiler-core": "3.3.4",
        "@vue/shared": "3.3.4"
      }
    },
    "@vue/compiler-sfc": {
      "version": "3.3.4",
      "resolved": "https://registry.npmjs.org/@vue/compiler-sfc/-/compiler-sfc-3.3.4.tgz",
      "integrity": "sha512-6y/d8uw+5TkCuzBkgLS0v3lSM3hJDntFEiUORM11pQ/hKvkhSKZrXW6i69UyXlJQisJxuUEJKAWEqWbWsLeNKQ==",
      "requires": {
        "@babel/parser": "^7.20.15",
        "@vue/compiler-core": "3.3.4",
        "@vue/compiler-dom": "3.3.4",
        "@vue/compiler-ssr": "3.3.4",
        "@vue/reactivity-transform": "3.3.4",
        "@vue/shared": "3.3.4",
        "estree-walker": "^2.0.2",
        "magic-string": "^0.30.0",
        "postcss": "^8.1.10",
        "source-map-js": "^1.0.2"
      }
    },
    "@vue/compiler-ssr": {
      "version": "3.3.4",
      "resolved": "https://registry.npmjs.org/@vue/compiler-ssr/-/compiler-ssr-3.3.4.tgz",
      "integrity": "sha512-m0v6oKpup2nMSehwA6Uuu+j+wEwcy7QmwMkVNVfrV9P2qE5KshC6RwOCq8fjGS/Eak/uNb8AaWekfiXxbBB6gQ==",
      "requires": {
        "@vue/compiler-dom": "3.3.4",
        "@vue/shared": "3.3.4"
      }
    },
    "@vue/reactivity": {
      "version": "3.3.4",
      "resolved": "https://registry.npmjs.org/@vue/reactivity/-/reactivity-3.3.4.tgz",
      "integrity": "sha512-kLTDLwd0B1jG08NBF3R5rqULtv/f8x3rOFByTDz4J53ttIQEDmALqKqXY0J+XQeN0aV2FBxY8nJDf88yvOPAqQ==",
      "requires": {
        "@vue/shared": "3.3.4"
      }
    },
    "@vue/reactivity-transform": {
      "version": "3.3.4",
      "resolved": "https://registry.npmjs.org/@vue/reactivity-transform/-/reactivity-transform-3.3.4.tgz",
      "integrity": "sha512-MXgwjako4nu5WFLAjpBnCj/ieqcjE2aJBINUNQzkZQfzIZA4xn+0fV1tIYBJvvva3N3OvKGofRLvQIwEQPpaXw==",
      "requires": {
        "@babel/parser": "^7.20.15",
        "@vue/compiler-core": "3.3.4",
        "@vue/shared": "3.3.4",
        "estree-walker": "^2.0.2",
        "magic-string": "^0.30.0"
      }
    },
    "@vue/runtime-core": {
      "version": "3.3.4",
      "resolved": "https://registry.npmjs.org/@vue/runtime-core/-/runtime-core-3.3.4.tgz",
      "integrity": "sha512-R+bqxMN6pWO7zGI4OMlmvePOdP2c93GsHFM/siJI7O2nxFRzj55pLwkpCedEY+bTMgp5miZ8CxfIZo3S+gFqvA==",
      "requires": {
        "@vue/reactivity": "3.3.4",
        "@vue/shared": "3.3.4"
      }
    },
    "@vue/runtime-dom": {
      "version": "3.3.4",
      "resolved": "https://registry.npmjs.org/@vue/runtime-dom/-/runtime-dom-3.3.4.tgz",
      "integrity": "sha512-Aj5bTJ3u5sFsUckRghsNjVTtxZQ1OyMWCr5dZRAPijF/0Vy4xEoRCwLyHXcj4D0UFbJ4lbx3gPTgg06K/GnPnQ==",
      "requires": {
        "@vue/runtime-core": "3.3.4",
        "@vue/shared": "3.3.4",
        "csstype": "^3.1.1"
      }
    },
    "@vue/server-renderer": {
      "version": "3.3.4",
      "resolved": "https://registry.npmjs.org/@vue/server-renderer/-/server-renderer-3.3.4.tgz",
      "integrity": "sha512-Q6jDDzR23ViIb67v+vM1Dqntu+HUexQcsWKhhQa4ARVzxOY2HbC7QRW/ggkDBd5BU+uM1sV6XOAP0b216o34JQ==",
      "requires": {
        "@vue/compiler-ssr": "3.3.4",
        "@vue/shared": "3.3.4"
      }
    },
    "@vue/shared": {
      "version": "3.3.4",
      "resolved": "https://registry.npmjs.org/@vue/shared/-/shared-3.3.4.tgz",
      "integrity": "sha512-7OjdcV8vQ74eiz1TZLzZP4JwqM5fA94K6yntPS5Z25r9HDuGNzaGdgvwKYq6S+MxwF0TFRwe50fIR/MYnakdkQ=="
    },
    "csstype": {
      "version": "3.1.2",
      "resolved": "https://registry.npmjs.org/csstype/-/csstype-3.1.2.tgz",
      "integrity": "sha512-I7K1Uu0MBPzaFKg4nI5Q7Vs2t+3gWWW648spaF+Rg7pI9ds18Ugn+lvg4SHczUdKlHI5LWBXyqfS8+DufyBsgQ=="
    },
    "d": {
      "version": "1.0.1",
      "resolved": "https://registry.npmjs.org/d/-/d-1.0.1.tgz",
      "integrity": "sha512-m62ShEObQ39CfralilEQRjH6oAMtNCV1xJyEx5LpRYUVN+EviphDgUc/F3hnYbADmkiNs67Y+3ylmlG7Lnu+FA==",
      "requires": {
        "es5-ext": "^0.10.50",
        "type": "^1.0.1"
      }
    },
    "es5-ext": {
      "version": "0.10.62",
      "resolved": "https://registry.npmjs.org/es5-ext/-/es5-ext-0.10.62.tgz",
      "integrity": "sha512-BHLqn0klhEpnOKSrzn/Xsz2UIW8j+cGmo9JLzr8BiUapV8hPL9+FliFqjwr9ngW7jWdnxv6eO+/LqyhJVqgrjA==",
      "requires": {
        "es6-iterator": "^2.0.3",
        "es6-symbol": "^3.1.3",
        "next-tick": "^1.1.0"
      }
    },
    "es6-iterator": {
      "version": "2.0.3",
      "resolved": "https://registry.npmjs.org/es6-iterator/-/es6-iterator-2.0.3.tgz",
      "integrity": "sha512-zw4SRzoUkd+cl+ZoE15A9o1oQd920Bb0iOJMQkQhl3jNc03YqVjAhG7scf9C5KWRU/R13Orf588uCC6525o02g==",
      "requires": {
        "d": "1",
        "es5-ext": "^0.10.35",
        "es6-symbol": "^3.1.1"
      }
    },
    "es6-symbol": {
      "version": "3.1.3",
      "resolved": "https://registry.npmjs.org/es6-symbol/-/es6-symbol-3.1.3.tgz",
      "integrity": "sha512-NJ6Yn3FuDinBaBRWl/q5X/s4koRHBrgKAu+yGI6JCBeiu3qrcbJhwT2GeR/EXVfylRk8dpQVJoLEFhK+Mu31NA==",
      "requires": {
        "d": "^1.0.1",
        "ext": "^1.1.2"
      }
    },
    "estree-walker": {
      "version": "2.0.2",
      "resolved": "https://registry.npmjs.org/estree-walker/-/estree-walker-2.0.2.tgz",
      "integrity": "sha512-Rfkk/Mp/DL7JVje3u18FxFujQlTNR2q6QfMSMB7AvCBx91NGj/ba3kCfza0f6dVDbw7YlRf/nDrn7pQrCCyQ/w=="
    },
    "ext": {
      "version": "1.7.0",
      "resolved": "https://registry.npmjs.org/ext/-/ext-1.7.0.tgz",
      "integrity": "sha512-6hxeJYaL110a9b5TEJSj0gojyHQAmA2ch5Os+ySCiA1QGdS697XWY1pzsrSjqA9LDEEgdB/KypIlR59RcLuHYw==",
      "requires": {
        "type": "^2.7.2"
      },
      "dependencies": {
        "type": {
          "version": "2.7.2",
          "resolved": "https://registry.npmjs.org/type/-/type-2.7.2.tgz",
          "integrity": "sha512-dzlvlNlt6AXU7EBSfpAscydQ7gXB+pPGsPnfJnZpiNJBDj7IaJzQlBZYGdEi4R9HmPdBv2XmWJ6YUtoTa7lmCw=="
        }
      }
    },
    "lodash.union": {
      "version": "4.6.0",
      "resolved": "https://registry.npmjs.org/lodash.union/-/lodash.union-4.6.0.tgz",
      "integrity": "sha1-SLtQiECfFvGCFmZkHETdGqrjzYg="
    },
    "magic-string": {
      "version": "0.30.4",
      "resolved": "https://registry.npmjs.org/magic-string/-/magic-string-0.30.4.tgz",
      "integrity": "sha512-Q/TKtsC5BPm0kGqgBIF9oXAs/xEf2vRKiIB4wCRQTJOQIByZ1d+NnUOotvJOvNpi5RNIgVOMC3pOuaP1ZTDlVg==",
      "requires": {
        "@jridgewell/sourcemap-codec": "^1.4.15"
      }
    },
    "moment": {
      "version": "2.24.0",
      "resolved": "https://registry.npmjs.org/moment/-/moment-2.24.0.tgz",
      "integrity": "sha512-bV7f+6l2QigeBBZSM/6yTNq4P2fNpSWj/0e7jQcy87A8e7o2nAfP/34/2ky5Vw4B9S446EtIhodAzkFCcR4dQg=="
    },
    "moment-range": {
      "version": "4.0.2",
      "resolved": "https://registry.npmjs.org/moment-range/-/moment-range-4.0.2.tgz",
      "integrity": "sha512-n8sceWwSTjmz++nFHzeNEUsYtDqjgXgcOBzsHi+BoXQU2FW+eU92LUaK8gqOiSu5PG57Q9sYj1Fz4LRDj4FtKA==",
      "requires": {
        "es6-symbol": "^3.1.0"
      }
    },
    "nanoid": {
      "version": "3.3.6",
      "resolved": "https://registry.npmjs.org/nanoid/-/nanoid-3.3.6.tgz",
      "integrity": "sha512-BGcqMMJuToF7i1rt+2PWSNVnWIkGCU78jBG3RxO/bZlnZPK2Cmi2QaffxGO/2RvWi9sL+FAiRiXMgsyxQ1DIDA=="
    },
    "next-tick": {
      "version": "1.1.0",
      "resolved": "https://registry.npmjs.org/next-tick/-/next-tick-1.1.0.tgz",
      "integrity": "sha512-CXdUiJembsNjuToQvxayPZF9Vqht7hewsvy2sOWafLvi2awflj9mOC6bHIg50orX8IJvWKY9wYQ/zB2kogPslQ=="
    },
    "picocolors": {
      "version": "1.0.0",
      "resolved": "https://registry.npmjs.org/picocolors/-/picocolors-1.0.0.tgz",
      "integrity": "sha512-1fygroTLlHu66zi26VoTDv8yRgm0Fccecssto+MhsZ0D/DGW2sm8E8AjW7NU5VVTRt5GxbeZ5qBuJr+HyLYkjQ=="
    },
    "postcss": {
      "version": "8.4.31",
      "resolved": "https://registry.npmjs.org/postcss/-/postcss-8.4.31.tgz",
      "integrity": "sha512-PS08Iboia9mts/2ygV3eLpY5ghnUcfLV/EXTOW1E2qYxJKGGBUtNjN76FYHnMs36RmARn41bC0AZmn+rR0OVpQ==",
      "requires": {
        "nanoid": "^3.3.6",
        "picocolors": "^1.0.0",
        "source-map-js": "^1.0.2"
      }
    },
    "source-map-js": {
      "version": "1.0.2",
      "resolved": "https://registry.npmjs.org/source-map-js/-/source-map-js-1.0.2.tgz",
      "integrity": "sha512-R0XvVJ9WusLiqTCEiGCmICCMplcCkIwwR11mOSD9CR5u+IXYdiseeEuXCVAjS54zqwkLcPNnmU4OeJ6tUrWhDw=="
    },
    "spinal-env-viewer-context-menu-service": {
      "version": "git+https://github.com/spinalcom/spinal-env-viewer-context-menu-service.git#7711d1ae4bf34a5ee7a3d6d19c8da5cb99873570",
      "from": "git+https://github.com/spinalcom/spinal-env-viewer-context-menu-service.git"
    },
    "spinal-env-viewer-panel-manager-service": {
      "version": "git+https://github.com/spinalcom/spinal-env-viewer-panel-manager-service.git#98d918a6a56d58c4fb03de457af40bc25eb2f8b9",
      "from": "git+https://github.com/spinalcom/spinal-env-viewer-panel-manager-service.git"
    },
    "spinal-env-viewer-panel-manager-service_spinalforgeextention": {
      "version": "git+https://github.com/spinalcom/spinal-env-viewer-panel-manager-service_spinalforgeextention.git#0e5ad3b828dfcb5fefd148651b977aae50d152ad",
      "from": "git+https://github.com/spinalcom/spinal-env-viewer-panel-manager-service_spinalforgeextention.git",
      "dependencies": {
        "spinal-env-viewer-panel-manager-service": {
          "version": "git+https://github.com/spinalcom/spinal-env-viewer-panel-manager-service.git#98d918a6a56d58c4fb03de457af40bc25eb2f8b9",
          "from": "git+https://github.com/spinalcom/spinal-env-viewer-panel-manager-service.git#98d918a6a56d58c4fb03de457af40bc25eb2f8b9"
        }
      }
    },
    "spinal-model-timeseries": {
      "version": "git+https://github.com/spinalcom/spinal-model-timeseries.git#b785ed2d7606e78d4a7242721f5ecfb39810318d",
      "from": "git+https://github.com/spinalcom/spinal-model-timeseries.git",
      "dependencies": {
        "spinal-core-connectorjs_type": {
          "version": "git+https://github.com/spinalcom/spinal-core-connectorjs_type.git#4447cd9b24d0bfcbbfd0484af86b1b2e1ba31fb5",
          "from": "git+https://github.com/spinalcom/spinal-core-connectorjs_type.git#4447cd9b24d0bfcbbfd0484af86b1b2e1ba31fb5",
          "requires": {
            "spinal-core-connectorjs": "git+https://github.com/spinalcom/spinal-core-connectorjs.git"
          }
        },
        "spinal-env-viewer-graph-service": {
          "version": "git+https://github.com/spinalcom/Spinal-Graph-Service.git#a7103260c7c264f37b74c09cdb709446829d66c2",
          "from": "git+https://github.com/spinalcom/Spinal-Graph-Service.git#a7103260c7c264f37b74c09cdb709446829d66c2",
          "requires": {
            "qrcode-generator": "^1.4.1",
            "spinal-core-connectorjs_type": "git+https://github.com/spinalcom/spinal-core-connectorjs_type.git",
            "spinal-model-graph": "git+https://github.com/spinalcom/spinal-model-graph.git#v02"
          },
          "dependencies": {
            "spinal-core-connectorjs_type": {
              "version": "git+https://github.com/spinalcom/spinal-core-connectorjs_type.git#8c7bb997eeea713ea617b310c9e996997006fd59",
              "from": "git+https://github.com/spinalcom/spinal-core-connectorjs_type.git",
              "requires": {
                "spinal-core-connectorjs": "git+https://github.com/spinalcom/spinal-core-connectorjs.git"
              }
            }
          }
        }
      }
    },
    "type": {
      "version": "1.2.0",
      "resolved": "https://registry.npmjs.org/type/-/type-1.2.0.tgz",
      "integrity": "sha512-+5nt5AAniqsCnu2cEQQdpzCAh33kVx8n0VoFidKpB1dVVLAN/F+bgVOqOJqOnEnrhp222clB5p3vUlD+1QAnfg=="
    },
    "vue": {
      "version": "2.6.6",
      "resolved": "https://registry.npmjs.org/vue/-/vue-2.6.6.tgz",
      "integrity": "sha512-Y2DdOZD8sxApS+iUlwv1v8U1qN41kq6Kw45lM6nVZKhygeWA49q7VCCXkjXqeDBXgurrKWkYQ9cJeEJwAq0b9Q=="
    },
    "vue-ctk-date-time-picker": {
      "version": "3.0.0-alpha.0",
      "resolved": "https://registry.npmjs.org/vue-ctk-date-time-picker/-/vue-ctk-date-time-picker-3.0.0-alpha.0.tgz",
      "integrity": "sha512-VcxAyN1HC6y+n63wGIuFY/yXjgBeJAzs0HJkNdt+3b32QfaGZYJjeN6XgkJd3Rbftsm9my0EenloO4I4206gIg==",
      "requires": {
        "moment": "^2.24.0",
        "moment-range": "^4.0.1",
        "vue": "^3.0.2"
      },
      "dependencies": {
        "vue": {
          "version": "3.3.4",
          "resolved": "https://registry.npmjs.org/vue/-/vue-3.3.4.tgz",
          "integrity": "sha512-VTyEYn3yvIeY1Py0WaYGZsXnz3y5UnGi62GjVEqvEGPl6nxbOrCXbVOTQWBEJUqAyTUk2uJ5JLVnYJ6ZzGbrSw==",
          "requires": {
            "@vue/compiler-dom": "3.3.4",
            "@vue/compiler-sfc": "3.3.4",
            "@vue/runtime-dom": "3.3.4",
            "@vue/server-renderer": "3.3.4",
            "@vue/shared": "3.3.4"
          }
        }
      }
    }
  }
}
